github.com/retronet-labs/retronet-8086 v0.1.1 h1:zWyNlpDw36XvwLWW08NcuQUQptaGPRFKLrxmrA2fM8I=
github.com/retronet-labs/retronet-8086 v0.1.1/go.mod h1:l8Dj+g+axBVm5J+yifm4qFItAn1k044MntQXuUqamKc=
github.com/retronet-labs/retronet-hardware v0.7.1 h1:8X5RjHE/9F3lEOtU8KsSOmugSOX1hQSfyAlg/Ib2Fvw=
github.com/retronet-labs/retronet-hardware v0.7.1/go.mod h1:klg76vkbOGJTs0JUwvozlangmKEjCTvFgnfyXHlPh8M=
github.com/retronet-labs/retronet-logic v0.4.0 h1:Ab3WeUBDf+8H4z8JXRqT7m2QdypdDHv/QiCIObApQWA=
github.com/retronet-labs/retronet-logic v0.4.0/go.mod h1:Nx1pOm7mQR4Sv+k5xEXffBNkzAXB70t8RcmQIHM5UKU=
